
Microsoft Visual Studio Solution File, Format Version 12.00
# Visual Studio 2012
Project("{FAE04EC0-301F-11D3-BF4B-00C04F79EFBC}") = "ResimTahminOyunu", "ResimTahminOyunu\ResimTahminOyunu.csproj", "{DDD57BDC-61D9-4021-962B-526E7E35E2FF}"
EndProject
Global
	GlobalSection(SolutionConfigurationPlatforms) = preSolution
		Debug|Any CPU = Debug|Any CPU
		Release|Any CPU = Release|Any CPU
	EndGlobalSection
	GlobalSection(ProjectConfigurationPlatforms) = postSolution
		{DDD57BDC-61D9-4021-962B-526E7E35E2FF}.Debug|Any CPU.ActiveCfg = Debug|Any CPU
		{DDD57BDC-61D9-4021-962B-526E7E35E2FF}.Debug|Any CPU.Build.0 = Debug|Any CPU
		{DDD57BDC-61D9-4021-962B-526E7E35E2FF}.Release|Any CPU.ActiveCfg = Release|Any CPU
		{DDD57BDC-61D9-4021-962B-526E7E35E2FF}.Release|Any CPU.Build.0 = Release|Any CPU
	EndGlobalSection
	GlobalSection(SolutionProperties) = preSolution
		HideSolutionNode = FALSE
	EndGlobalSection
EndGlobal
